
Microsoft Visual Studio Solution File, Format Version 12.00
# Visual Studio Version 17
VisualStudioVersion = 17.10.35027.167
MinimumVisualStudioVersion = 10.0.40219.1
Project("{FAE04EC0-301F-11D3-BF4B-00C04F79EFBC}") = "SeeviceProvider-PL", "SeeviceProvider-PL\SeeviceProvider-PL.csproj", "{99FD2426-0CBD-4683-A9B1-3C624B3FC106}"
EndProject
Project("{FAE04EC0-301F-11D3-BF4B-00C04F79EFBC}") = "ServiceProvider-BLL", "ServiceProvider-BLL\ServiceProvider-BLL.csproj", "{F13F328E-368A-4230-A655-85945796F041}"
EndProject
Project("{FAE04EC0-301F-11D3-BF4B-00C04F79EFBC}") = "ServiceProvider-DAL", "ServiceProvider-DAL\ServiceProvider-DAL.csproj", "{A1A0B8D1-DE74-47D9-A073-B6106DE800DD}"
EndProject
Global
	GlobalSection(SolutionConfigurationPlatforms) = preSolution
		Debug|Any CPU = Debug|Any CPU
		Release|Any CPU = Release|Any CPU
	EndGlobalSection
	GlobalSection(ProjectConfigurationPlatforms) = postSolution
		{99FD2426-0CBD-4683-A9B1-3C624B3FC106}.Debug|Any CPU.ActiveCfg = Debug|Any CPU
		{99FD2426-0CBD-4683-A9B1-3C624B3FC106}.Debug|Any CPU.Build.0 = Debug|Any CPU
		{99FD2426-0CBD-4683-A9B1-3C624B3FC106}.Release|Any CPU.ActiveCfg = Release|Any CPU
		{99FD2426-0CBD-4683-A9B1-3C624B3FC106}.Release|Any CPU.Build.0 = Release|Any CPU
		{F13F328E-368A-4230-A655-85945796F041}.Debug|Any CPU.ActiveCfg = Debug|Any CPU
		{F13F328E-368A-4230-A655-85945796F041}.Debug|Any CPU.Build.0 = Debug|Any CPU
		{F13F328E-368A-4230-A655-85945796F041}.Release|Any CPU.ActiveCfg = Release|Any CPU
		{F13F328E-368A-4230-A655-85945796F041}.Release|Any CPU.Build.0 = Release|Any CPU
		{A1A0B8D1-DE74-47D9-A073-B6106DE800DD}.Debug|Any CPU.ActiveCfg = Debug|Any CPU
		{A1A0B8D1-DE74-47D9-A073-B6106DE800DD}.Debug|Any CPU.Build.0 = Debug|Any CPU
		{A1A0B8D1-DE74-47D9-A073-B6106DE800DD}.Release|Any CPU.ActiveCfg = Release|Any CPU
		{A1A0B8D1-DE74-47D9-A073-B6106DE800DD}.Release|Any CPU.Build.0 = Release|Any CPU
	EndGlobalSection
	GlobalSection(SolutionProperties) = preSolution
		HideSolutionNode = FALSE
	EndGlobalSection
	GlobalSection(ExtensibilityGlobals) = postSolution
		SolutionGuid = {D3D40D31-76E6-4BF6-BA10-FD3FBA99CE23}
	EndGlobalSection
EndGlobal
